
Microsoft Visual Studio Solution File, Format Version 12.00
# Visual Studio Version 17
VisualStudioVersion = 17.4.33122.133
MinimumVisualStudioVersion = 10.0.40219.1
Project("{8BC9CEB8-8B4A-11D0-8D11-00A0C91BC942}") = "Hanoi.c", "Hanoi.c.vcxproj", "{763735CF-FA88-4AED-91E4-536477958BA2}"
EndProject
Global
	GlobalSection(SolutionConfigurationPlatforms) = preSolution
		Debug|x64 = Debug|x64
		Debug|x86 = Debug|x86
		Release|x64 = Release|x64
		Release|x86 = Release|x86
	EndGlobalSection
	GlobalSection(ProjectConfigurationPlatforms) = postSolution
		{763735CF-FA88-4AED-91E4-536477958BA2}.Debug|x64.ActiveCfg = Debug|x64
		{763735CF-FA88-4AED-91E4-536477958BA2}.Debug|x64.Build.0 = Debug|x64
		{763735CF-FA88-4AED-91E4-536477958BA2}.Debug|x86.ActiveCfg = Debug|Win32
		{763735CF-FA88-4AED-91E4-536477958BA2}.Debug|x86.Build.0 = Debug|Win32
		{763735CF-FA88-4AED-91E4-536477958BA2}.Release|x64.ActiveCfg = Release|x64
		{763735CF-FA88-4AED-91E4-536477958BA2}.Release|x64.Build.0 = Release|x64
		{763735CF-FA88-4AED-91E4-536477958BA2}.Release|x86.ActiveCfg = Release|Win32
		{763735CF-FA88-4AED-91E4-536477958BA2}.Release|x86.Build.0 = Release|Win32
	EndGlobalSection
	GlobalSection(SolutionProperties) = preSolution
		HideSolutionNode = FALSE
	EndGlobalSection
	GlobalSection(ExtensibilityGlobals) = postSolution
		SolutionGuid = {3AF83620-2E97-4500-9D98-E4DEF184588A}
	EndGlobalSection
EndGlobal
